
Microsoft Visual Studio Solution File, Format Version 12.00
# Visual Studio 2012
Project("{FAE04EC0-301F-11D3-BF4B-00C04F79EFBC}") = "GamificationPortal", "GamificationPortal.csproj", "{A2481F89-D95D-464F-AD2C-437A2431FEA9}"
EndProject
Project("{FAE04EC0-301F-11D3-BF4B-00C04F79EFBC}") = "GamificationStatusTracker", "..\GamificationStatusTracker\GamificationStatusTracker.csproj", "{AA61850A-8CB1-4414-ADBC-548CFDFC05EE}"
EndProject
Project("{2150E333-8FDC-42A3-9474-1A3956D46DE8}") = "Solution Items", "Solution Items", "{A7B33B28-E50D-40ED-9C4C-EC8CF2380B46}"
	ProjectSection(SolutionItems) = preProject
		..\DB\db_scripts.sql = ..\DB\db_scripts.sql
		..\DB\DC_Gamification.bak = ..\DB\DC_Gamification.bak
		..\DB\USP_ADD_USER_WITH_DEFAULT_ROLE.sql = ..\DB\USP_ADD_USER_WITH_DEFAULT_ROLE.sql
		..\DB\USP_BADGES_GET_BY_USER_AND_TYPE.sql = ..\DB\USP_BADGES_GET_BY_USER_AND_TYPE.sql
		..\DB\USP_BADGES_GET_COLLECTION.sql = ..\DB\USP_BADGES_GET_COLLECTION.sql
		..\DB\USP_BADGES_GET_UNLOCKED_IMAGE_PATH.sql = ..\DB\USP_BADGES_GET_UNLOCKED_IMAGE_PATH.sql
		..\DB\USP_DELETE_USER.sql = ..\DB\USP_DELETE_USER.sql
		..\DB\USP_GET_MISSIONS_BY_USER.sql = ..\DB\USP_GET_MISSIONS_BY_USER.sql
		..\DB\USP_GRANT_REVARDS.sql = ..\DB\USP_GRANT_REVARDS.sql
		..\DB\USP_HAS_USER_ACTIVE_MISSIONS.sql = ..\DB\USP_HAS_USER_ACTIVE_MISSIONS.sql
		..\DB\USP_IS_USER_EXISTS.sql = ..\DB\USP_IS_USER_EXISTS.sql
		..\DB\USP_MISSION_ASSIGN_TO_USER.sql = ..\DB\USP_MISSION_ASSIGN_TO_USER.sql
		..\DB\USP_MISSION_CREATE.sql = ..\DB\USP_MISSION_CREATE.sql
		..\DB\USP_MISSION_DROP_BY_USER.sql = ..\DB\USP_MISSION_DROP_BY_USER.sql
		..\DB\USP_MISSION_SUBMIT_BY_USER.sql = ..\DB\USP_MISSION_SUBMIT_BY_USER.sql
		..\DB\USP_MISSION_UPDATE.sql = ..\DB\USP_MISSION_UPDATE.sql
		..\DB\USP_MISSIONS_CHECK_DEAD_LINE.sql = ..\DB\USP_MISSIONS_CHECK_DEAD_LINE.sql
		..\DB\USP_MISSIONS_GET_ALL.sql = ..\DB\USP_MISSIONS_GET_ALL.sql
		..\DB\USP_MISSIONS_GET_BY_USER_AND_STATUS.sql = ..\DB\USP_MISSIONS_GET_BY_USER_AND_STATUS.sql
		..\DB\USP_MISSIONS_GET_COUNT_BY_STATUS.sql = ..\DB\USP_MISSIONS_GET_COUNT_BY_STATUS.sql
		..\DB\USP_MISSIONS_GET_COUNT_BY_USER_AND_RULE.sql = ..\DB\USP_MISSIONS_GET_COUNT_BY_USER_AND_RULE.sql
		..\DB\USP_MISSIONS_GET_FOR_CURRENT_STAGE.sql = ..\DB\USP_MISSIONS_GET_FOR_CURRENT_STAGE.sql
		..\DB\USP_MISSIONS_GET_OWNER_LOGIN.sql = ..\DB\USP_MISSIONS_GET_OWNER_LOGIN.sql
		..\DB\USP_MISSIONS_GET_STATUS_LIST.sql = ..\DB\USP_MISSIONS_GET_STATUS_LIST.sql
		..\DB\USP_MISSIONS_GET_SUBMITED_NOT_VERIFIED.sql = ..\DB\USP_MISSIONS_GET_SUBMITED_NOT_VERIFIED.sql
		..\DB\USP_MISSIONS_IS_USER_LIMIT_DEPLETED.sql = ..\DB\USP_MISSIONS_IS_USER_LIMIT_DEPLETED.sql
		..\DB\USP_REWARDS_GET_NOTIFICATIONS.sql = ..\DB\USP_REWARDS_GET_NOTIFICATIONS.sql
		..\DB\USP_STAGE_CREATE.sql = ..\DB\USP_STAGE_CREATE.sql
		..\DB\USP_STAGE_LEADER_GET.sql = ..\DB\USP_STAGE_LEADER_GET.sql
		..\DB\USP_STATISTICS_UPDATE.sql = ..\DB\USP_STATISTICS_UPDATE.sql
		..\DB\USP_USER_GET_LEADER_BOARD_LIST.sql = ..\DB\USP_USER_GET_LEADER_BOARD_LIST.sql
		..\DB\USP_USER_GET_PROFILE.sql = ..\DB\USP_USER_GET_PROFILE.sql
		..\DB\USP_USERS_GET_OWNERS.sql = ..\DB\USP_USERS_GET_OWNERS.sql
		..\DB\USP_USERS_GET_WITH_ROLES.sql = ..\DB\USP_USERS_GET_WITH_ROLES.sql
		..\DB\USP_USERS_REGISTER_NEW.sql = ..\DB\USP_USERS_REGISTER_NEW.sql
	EndProjectSection
EndProject
Global
	GlobalSection(SolutionConfigurationPlatforms) = preSolution
		Debug|Any CPU = Debug|Any CPU
		Release|Any CPU = Release|Any CPU
	EndGlobalSection
	GlobalSection(ProjectConfigurationPlatforms) = postSolution
		{A2481F89-D95D-464F-AD2C-437A2431FEA9}.Debug|Any CPU.ActiveCfg = Debug|Any CPU
		{A2481F89-D95D-464F-AD2C-437A2431FEA9}.Debug|Any CPU.Build.0 = Debug|Any CPU
		{A2481F89-D95D-464F-AD2C-437A2431FEA9}.Release|Any CPU.ActiveCfg = Release|Any CPU
		{A2481F89-D95D-464F-AD2C-437A2431FEA9}.Release|Any CPU.Build.0 = Release|Any CPU
		{AA61850A-8CB1-4414-ADBC-548CFDFC05EE}.Debug|Any CPU.ActiveCfg = Debug|Any CPU
		{AA61850A-8CB1-4414-ADBC-548CFDFC05EE}.Debug|Any CPU.Build.0 = Debug|Any CPU
		{AA61850A-8CB1-4414-ADBC-548CFDFC05EE}.Release|Any CPU.ActiveCfg = Release|Any CPU
		{AA61850A-8CB1-4414-ADBC-548CFDFC05EE}.Release|Any CPU.Build.0 = Release|Any CPU
	EndGlobalSection
	GlobalSection(SolutionProperties) = preSolution
		HideSolutionNode = FALSE
	EndGlobalSection
EndGlobal
